
Microsoft Visual Studio Solution File, Format Version 12.00
# Visual Studio Version 16
VisualStudioVersion = 16.0.30711.63
MinimumVisualStudioVersion = 10.0.40219.1
Project("{FAE04EC0-301F-11D3-BF4B-00C04F79EFBC}") = "Test.Aspects", "Test.Aspects\Test.Aspects.csproj", "{84AAB68F-36EF-4733-B105-7FF67CAA65A7}"
EndProject
Global
	GlobalSection(SolutionConfigurationPlatforms) = preSolution
		Debug|Any CPU = Debug|Any CPU
		Release|Any CPU = Release|Any CPU
	EndGlobalSection
	GlobalSection(ProjectConfigurationPlatforms) = postSolution
		{84AAB68F-36EF-4733-B105-7FF67CAA65A7}.Debug|Any CPU.ActiveCfg = Debug|Any CPU
		{84AAB68F-36EF-4733-B105-7FF67CAA65A7}.Debug|Any CPU.Build.0 = Debug|Any CPU
		{84AAB68F-36EF-4733-B105-7FF67CAA65A7}.Release|Any CPU.ActiveCfg = Release|Any CPU
		{84AAB68F-36EF-4733-B105-7FF67CAA65A7}.Release|Any CPU.Build.0 = Release|Any CPU
	EndGlobalSection
	GlobalSection(SolutionProperties) = preSolution
		HideSolutionNode = FALSE
	EndGlobalSection
	GlobalSection(ExtensibilityGlobals) = postSolution
		SolutionGuid = {4B72B9C4-7A76-4769-8A94-DB034CF57763}
	EndGlobalSection
EndGlobal
